
Microsoft Visual Studio Solution File, Format Version 12.00
# Visual Studio Version 17
VisualStudioVersion = 17.5.33530.505
MinimumVisualStudioVersion = 10.0.40219.1
Project("{FAE04EC0-301F-11D3-BF4B-00C04F79EFBC}") = "EFCodeFirst", "EFCodeFirst\EFCodeFirst.csproj", "{929D95EF-42DD-4CE2-B098-E83504D058BE}"
EndProject
Global
	GlobalSection(SolutionConfigurationPlatforms) = preSolution
		Debug|Any CPU = Debug|Any CPU
		Release|Any CPU = Release|Any CPU
	EndGlobalSection
	GlobalSection(ProjectConfigurationPlatforms) = postSolution
		{929D95EF-42DD-4CE2-B098-E83504D058BE}.Debug|Any CPU.ActiveCfg = Debug|Any CPU
		{929D95EF-42DD-4CE2-B098-E83504D058BE}.Debug|Any CPU.Build.0 = Debug|Any CPU
		{929D95EF-42DD-4CE2-B098-E83504D058BE}.Release|Any CPU.ActiveCfg = Release|Any CPU
		{929D95EF-42DD-4CE2-B098-E83504D058BE}.Release|Any CPU.Build.0 = Release|Any CPU
	EndGlobalSection
	GlobalSection(SolutionProperties) = preSolution
		HideSolutionNode = FALSE
	EndGlobalSection
	GlobalSection(ExtensibilityGlobals) = postSolution
		SolutionGuid = {B4402855-6662-48B4-8C3B-ECEA0EE6FFE2}
	EndGlobalSection
EndGlobal
