
Microsoft Visual Studio Solution File, Format Version 12.00
# Visual Studio Version 17
VisualStudioVersion = 17.4.33213.308
MinimumVisualStudioVersion = 10.0.40219.1
Project("{FAE04EC0-301F-11D3-BF4B-00C04F79EFBC}") = "TASK", "TASK\TASK.csproj", "{EA210273-52C9-47C1-AD8F-49530B959E27}"
EndProject
Global
	GlobalSection(SolutionConfigurationPlatforms) = preSolution
		Debug|Any CPU = Debug|Any CPU
		Release|Any CPU = Release|Any CPU
	EndGlobalSection
	GlobalSection(ProjectConfigurationPlatforms) = postSolution
		{EA210273-52C9-47C1-AD8F-49530B959E27}.Debug|Any CPU.ActiveCfg = Debug|Any CPU
		{EA210273-52C9-47C1-AD8F-49530B959E27}.Debug|Any CPU.Build.0 = Debug|Any CPU
		{EA210273-52C9-47C1-AD8F-49530B959E27}.Release|Any CPU.ActiveCfg = Release|Any CPU
		{EA210273-52C9-47C1-AD8F-49530B959E27}.Release|Any CPU.Build.0 = Release|Any CPU
	EndGlobalSection
	GlobalSection(SolutionProperties) = preSolution
		HideSolutionNode = FALSE
	EndGlobalSection
	GlobalSection(ExtensibilityGlobals) = postSolution
		SolutionGuid = {65AF0006-60BB-4A3A-83F9-FBA3463DC9F5}
	EndGlobalSection
EndGlobal
