
Microsoft Visual Studio Solution File, Format Version 12.00
# Visual Studio Version 17
VisualStudioVersion = 17.4.33213.308
MinimumVisualStudioVersion = 10.0.40219.1
Project("{FAE04EC0-301F-11D3-BF4B-00C04F79EFBC}") = "Assignment2", "Assignment2\Assignment2.csproj", "{DA51A4F1-0266-4D59-9038-EF8A0B60AFCB}"
EndProject
Global
	GlobalSection(SolutionConfigurationPlatforms) = preSolution
		Debug|Any CPU = Debug|Any CPU
		Release|Any CPU = Release|Any CPU
	EndGlobalSection
	GlobalSection(ProjectConfigurationPlatforms) = postSolution
		{DA51A4F1-0266-4D59-9038-EF8A0B60AFCB}.Debug|Any CPU.ActiveCfg = Debug|Any CPU
		{DA51A4F1-0266-4D59-9038-EF8A0B60AFCB}.Debug|Any CPU.Build.0 = Debug|Any CPU
		{DA51A4F1-0266-4D59-9038-EF8A0B60AFCB}.Release|Any CPU.ActiveCfg = Release|Any CPU
		{DA51A4F1-0266-4D59-9038-EF8A0B60AFCB}.Release|Any CPU.Build.0 = Release|Any CPU
	EndGlobalSection
	GlobalSection(SolutionProperties) = preSolution
		HideSolutionNode = FALSE
	EndGlobalSection
	GlobalSection(ExtensibilityGlobals) = postSolution
		SolutionGuid = {7840F1C4-B10D-49E6-BA61-A7D33223F98F}
	EndGlobalSection
EndGlobal
